
Microsoft Visual Studio Solution File, Format Version 12.00
# Visual Studio 15
VisualStudioVersion = 15.0.27428.2005
MinimumVisualStudioVersion = 10.0.40219.1
Project("{2150E333-8FDC-42A3-9474-1A3956D46DE8}") = "src", "src", "{D7D713C0-EDBF-463E-A6FC-20A9D2B8339D}"
EndProject
Project("{9092AA53-FB77-4645-B42D-1CCCA6BD08BD}") = "Ivy.Angular.Yeoman", "src\Ivy.Angular.Yeoman\Ivy.Angular.Yeoman.njsproj", "{F148B7DC-0B61-4E25-8495-B60770332042}"
EndProject
Global
	GlobalSection(SolutionConfigurationPlatforms) = preSolution
		Debug|Any CPU = Debug|Any CPU
		Release|Any CPU = Release|Any CPU
	EndGlobalSection
	GlobalSection(ProjectConfigurationPlatforms) = postSolution
		{F148B7DC-0B61-4E25-8495-B60770332042}.Debug|Any CPU.ActiveCfg = Debug|Any CPU
		{F148B7DC-0B61-4E25-8495-B60770332042}.Debug|Any CPU.Build.0 = Debug|Any CPU
		{F148B7DC-0B61-4E25-8495-B60770332042}.Release|Any CPU.ActiveCfg = Release|Any CPU
		{F148B7DC-0B61-4E25-8495-B60770332042}.Release|Any CPU.Build.0 = Release|Any CPU
	EndGlobalSection
	GlobalSection(SolutionProperties) = preSolution
		HideSolutionNode = FALSE
	EndGlobalSection
	GlobalSection(NestedProjects) = preSolution
		{F148B7DC-0B61-4E25-8495-B60770332042} = {D7D713C0-EDBF-463E-A6FC-20A9D2B8339D}
	EndGlobalSection
	GlobalSection(ExtensibilityGlobals) = postSolution
		SolutionGuid = {2A4225A4-B0C8-4B2D-BAC8-4B30AD35C489}
	EndGlobalSection
EndGlobal
